{
  "originHash" : "883d9c351edf87ea5b00eafb70ece90d8bc663169fedbb497aa0cab9342b54ad",
  "pins" : [
    {
      "identity" : "instabug-sp",
      "kind" : "remoteSourceControl",
      "location" : "https://github.com/Instabug/Instabug-SP.git",
      "state" : {
        "revision" : "e5cefd6b211caf24afe25463e288e7a3a15aafe1",
        "version" : "13.1.1"
      }
    }
  ],
  "version" : 3
}
